{
  "name": "configeditor",
  "version": "0.0.1",
  "lockfileVersion": 1,
  "requires": true,
  "dependencies": {
    "@sphinxxxx/color-conversion": {
      "version": "2.2.2",
      "resolved": "https://registry.npmjs.org/@sphinxxxx/color-conversion/-/color-conversion-2.2.2.tgz",
      "integrity": "sha512-XExJS3cLqgrmNBIP3bBw6+1oQ1ksGjFh0+oClDKFYpCCqx/hlqwWO5KO/S63fzUo67SxI9dMrF0y5T/Ey7h8Zw=="
    },
    "ajv": {
      "version": "5.5.2",
      "resolved": "https://registry.npmjs.org/ajv/-/ajv-5.5.2.tgz",
      "integrity": "sha1-c7Xuyj+rZT49P5Qis0GtQiBdyWU=",
      "requires": {
        "co": "^4.6.0",
        "fast-deep-equal": "^1.0.0",
        "fast-json-stable-stringify": "^2.0.0",
        "json-schema-traverse": "^0.3.0"
      }
    },
    "brace": {
      "version": "0.11.1",
      "resolved": "https://registry.npmjs.org/brace/-/brace-0.11.1.tgz",
      "integrity": "sha1-SJb8ydVE7vRfS7dmDbMg07N5/lg="
    },
    "co": {
      "version": "4.6.0",
      "resolved": "https://registry.npmjs.org/co/-/co-4.6.0.tgz",
      "integrity": "sha1-bqa989hTrlTMuOR7+gvz+QMfsYQ="
    },
    "drag-tracker": {
      "version": "1.0.0",
      "resolved": "https://registry.npmjs.org/drag-tracker/-/drag-tracker-1.0.0.tgz",
      "integrity": "sha1-m9M9OAvDBW22m9Wzz24GL+xYvWQ="
    },
    "fast-deep-equal": {
      "version": "1.1.0",
      "resolved": "https://registry.npmjs.org/fast-deep-equal/-/fast-deep-equal-1.1.0.tgz",
      "integrity": "sha1-wFNHeBfIa1HaqFPIHgWbcz0CNhQ="
    },
    "fast-json-stable-stringify": {
      "version": "2.1.0",
      "resolved": "https://registry.npmjs.org/fast-json-stable-stringify/-/fast-json-stable-stringify-2.1.0.tgz",
      "integrity": "sha512-lhd/wF+Lk98HZoTCtlVraHtfh5XYijIjalXck7saUtuanSDyLMxnHhSXEDJqHxD7msR8D0uCmqlkwjCV8xvwHw=="
    },
    "javascript-natural-sort": {
      "version": "0.7.1",
      "resolved": "https://registry.npmjs.org/javascript-natural-sort/-/javascript-natural-sort-0.7.1.tgz",
      "integrity": "sha1-+eIwPUUH9tdDVac2ZNFED7Wg71k="
    },
    "jmespath": {
      "version": "0.15.0",
      "resolved": "https://registry.npmjs.org/jmespath/-/jmespath-0.15.0.tgz",
      "integrity": "sha1-o/Iiqarp+Wb10nx5ZRDigJF2Qhc="
    },
    "json-schema-traverse": {
      "version": "0.3.1",
      "resolved": "https://registry.npmjs.org/json-schema-traverse/-/json-schema-traverse-0.3.1.tgz",
      "integrity": "sha1-NJptRMU6Ud6JtAgFxdXlm0F9M0A="
    },
    "json-source-map": {
      "version": "0.4.0",
      "resolved": "https://registry.npmjs.org/json-source-map/-/json-source-map-0.4.0.tgz",
      "integrity": "sha1-7qg3/jzi8r/VsTaHd5QGNUQjw1U="
    },
    "jsoneditor": {
      "version": "5.34.0",
      "resolved": "https://registry.npmjs.org/jsoneditor/-/jsoneditor-5.34.0.tgz",
      "integrity": "sha512-/F7L6oXuRkv2/FKFIL4NMWF0P+oVvSWLJPVEVP/7KGehBj6dtOp5FKdfLcNkIgbqzklXx/NDzHSXYlf64wqmuQ==",
      "requires": {
        "ajv": "5.5.2",
        "brace": "0.11.1",
        "javascript-natural-sort": "0.7.1",
        "jmespath": "0.15.0",
        "json-source-map": "0.4.0",
        "mobius1-selectr": "2.4.10",
        "picomodal": "3.0.0",
        "vanilla-picker": "2.8.0"
      }
    },
    "mobius1-selectr": {
      "version": "2.4.10",
      "resolved": "https://registry.npmjs.org/mobius1-selectr/-/mobius1-selectr-2.4.10.tgz",
      "integrity": "sha512-U/pQ8jZwO7z3Mf9OYzJR6AKfleF5jSBIueKKxGMr/tgyLuTWgchgFyeaXpAIz3Cbp+7eIN1hw5D2gxc4cNnOkQ=="
    },
    "picomodal": {
      "version": "3.0.0",
      "resolved": "https://registry.npmjs.org/picomodal/-/picomodal-3.0.0.tgz",
      "integrity": "sha1-+s0w9PvzSoCcHgTqUl8ATzmcC4I="
    },
    "vanilla-picker": {
      "version": "2.8.0",
      "resolved": "https://registry.npmjs.org/vanilla-picker/-/vanilla-picker-2.8.0.tgz",
      "integrity": "sha512-NPBxrtLi2LA2mEyRLW+Lyt7Eqtm0t0SmKqscE5RaugXLtJXXjPzy6r65fqLiQkhRc2WoLnmj2m/EnTWKN4hL+g==",
      "requires": {
        "@sphinxxxx/color-conversion": "^2.2.1",
        "drag-tracker": "^1.0.0"
      }
    }
  }
}
