# THIS IS AN AUTOGENERATED FILE. DO NOT EDIT THIS FILE DIRECTLY.
# yarn lockfile v1


"@sphinxxxx/color-conversion@^2.2.1":
  version "2.2.2"
  resolved "https://registry.yarnpkg.com/@sphinxxxx/color-conversion/-/color-conversion-2.2.2.tgz#03ecc29279e3c0c832f6185a5bfa3497858ac8ca"
  integrity sha512-XExJS3cLqgrmNBIP3bBw6+1oQ1ksGjFh0+oClDKFYpCCqx/hlqwWO5KO/S63fzUo67SxI9dMrF0y5T/Ey7h8Zw==

ajv@5.5.2:
  version "5.5.2"
  resolved "https://registry.yarnpkg.com/ajv/-/ajv-5.5.2.tgz#73b5eeca3fab653e3d3f9422b341ad42205dc965"
  integrity sha1-c7Xuyj+rZT49P5Qis0GtQiBdyWU=
  dependencies:
    co "^4.6.0"
    fast-deep-equal "^1.0.0"
    fast-json-stable-stringify "^2.0.0"
    json-schema-traverse "^0.3.0"

brace@0.11.1:
  version "0.11.1"
  resolved "https://registry.yarnpkg.com/brace/-/brace-0.11.1.tgz#4896fcc9d544eef45f4bb7660db320d3b379fe58"
  integrity sha1-SJb8ydVE7vRfS7dmDbMg07N5/lg=

co@^4.6.0:
  version "4.6.0"
  resolved "https://registry.yarnpkg.com/co/-/co-4.6.0.tgz#6ea6bdf3d853ae54ccb8e47bfa0bf3f9031fb184"
  integrity sha1-bqa989hTrlTMuOR7+gvz+QMfsYQ=

drag-tracker@^1.0.0:
  version "1.0.0"
  resolved "https://registry.yarnpkg.com/drag-tracker/-/drag-tracker-1.0.0.tgz#9bd33d380bc3056db69bd5b3cf6e062fec58bd64"
  integrity sha1-m9M9OAvDBW22m9Wzz24GL+xYvWQ=

fast-deep-equal@^1.0.0:
  version "1.1.0"
  resolved "https://registry.yarnpkg.com/fast-deep-equal/-/fast-deep-equal-1.1.0.tgz#c053477817c86b51daa853c81e059b733d023614"
  integrity sha1-wFNHeBfIa1HaqFPIHgWbcz0CNhQ=

fast-json-stable-stringify@^2.0.0:
  version "2.1.0"
  resolved "https://registry.yarnpkg.com/fast-json-stable-stringify/-/fast-json-stable-stringify-2.1.0.tgz#874bf69c6f404c2b5d99c481341399fd55892633"
  integrity sha512-lhd/wF+Lk98HZoTCtlVraHtfh5XYijIjalXck7saUtuanSDyLMxnHhSXEDJqHxD7msR8D0uCmqlkwjCV8xvwHw==

javascript-natural-sort@0.7.1:
  version "0.7.1"
  resolved "https://registry.yarnpkg.com/javascript-natural-sort/-/javascript-natural-sort-0.7.1.tgz#f9e2303d4507f6d74355a73664d1440fb5a0ef59"
  integrity sha1-+eIwPUUH9tdDVac2ZNFED7Wg71k=

jmespath@0.15.0:
  version "0.15.0"
  resolved "https://registry.yarnpkg.com/jmespath/-/jmespath-0.15.0.tgz#a3f222a9aae9f966f5d27c796510e28091764217"
  integrity sha1-o/Iiqarp+Wb10nx5ZRDigJF2Qhc=

json-schema-traverse@^0.3.0:
  version "0.3.1"
  resolved "https://registry.yarnpkg.com/json-schema-traverse/-/json-schema-traverse-0.3.1.tgz#349a6d44c53a51de89b40805c5d5e59b417d3340"
  integrity sha1-NJptRMU6Ud6JtAgFxdXlm0F9M0A=

json-source-map@0.4.0:
  version "0.4.0"
  resolved "https://registry.yarnpkg.com/json-source-map/-/json-source-map-0.4.0.tgz#eea837fe3ce2f2bfd5b13687779406354423c355"
  integrity sha1-7qg3/jzi8r/VsTaHd5QGNUQjw1U=

jsoneditor@^5.14.1:
  version "5.34.0"
  resolved "https://registry.yarnpkg.com/jsoneditor/-/jsoneditor-5.34.0.tgz#f496c6b4adc26fc4bd67665b355b2981539dc3ed"
  integrity sha512-/F7L6oXuRkv2/FKFIL4NMWF0P+oVvSWLJPVEVP/7KGehBj6dtOp5FKdfLcNkIgbqzklXx/NDzHSXYlf64wqmuQ==
  dependencies:
    ajv "5.5.2"
    brace "0.11.1"
    javascript-natural-sort "0.7.1"
    jmespath "0.15.0"
    json-source-map "0.4.0"
    mobius1-selectr "2.4.10"
    picomodal "3.0.0"
    vanilla-picker "2.8.0"

mobius1-selectr@2.4.10:
  version "2.4.10"
  resolved "https://registry.yarnpkg.com/mobius1-selectr/-/mobius1-selectr-2.4.10.tgz#98f29116e9461b7be19b8f380dabd7dc1253a861"
  integrity sha512-U/pQ8jZwO7z3Mf9OYzJR6AKfleF5jSBIueKKxGMr/tgyLuTWgchgFyeaXpAIz3Cbp+7eIN1hw5D2gxc4cNnOkQ==

picomodal@3.0.0:
  version "3.0.0"
  resolved "https://registry.yarnpkg.com/picomodal/-/picomodal-3.0.0.tgz#facd30f4fbf34a809c1e04ea525f004f399c0b82"
  integrity sha1-+s0w9PvzSoCcHgTqUl8ATzmcC4I=

vanilla-picker@2.8.0:
  version "2.8.0"
  resolved "https://registry.yarnpkg.com/vanilla-picker/-/vanilla-picker-2.8.0.tgz#e01121c38e2af6827224311f70cf5a023235d0e9"
  integrity sha512-NPBxrtLi2LA2mEyRLW+Lyt7Eqtm0t0SmKqscE5RaugXLtJXXjPzy6r65fqLiQkhRc2WoLnmj2m/EnTWKN4hL+g==
  dependencies:
    "@sphinxxxx/color-conversion" "^2.2.1"
    drag-tracker "^1.0.0"
