# THIS IS AN AUTOGENERATED FILE. DO NOT EDIT THIS FILE DIRECTLY.
# yarn lockfile v1


atoa@1.0.0:
  version "1.0.0"
  resolved "https://registry.yarnpkg.com/atoa/-/atoa-1.0.0.tgz#0cc0e91a480e738f923ebc103676471779b34a49"
  integrity sha1-DMDpGkgOc4+SPrwQNnZHF3mzSkk=

clipboard@^2.0.6:
  version "2.0.6"
  resolved "https://registry.yarnpkg.com/clipboard/-/clipboard-2.0.6.tgz#52921296eec0fdf77ead1749421b21c968647376"
  integrity sha512-g5zbiixBRk/wyKakSwCKd7vQXDjFnAMGHoEyBogG/bw9kTD9GvdAvaoRR1ALcEzt3pVKxZR0pViekPMIS0QyGg==
  dependencies:
    good-listener "^1.2.2"
    select "^1.1.2"
    tiny-emitter "^2.0.0"

contra@1.9.4:
  version "1.9.4"
  resolved "https://registry.yarnpkg.com/contra/-/contra-1.9.4.tgz#f53bde42d7e5b5985cae4d99a8d610526de8f28d"
  integrity sha1-9TveQtfltZhcrk2ZqNYQUm3o8o0=
  dependencies:
    atoa "1.0.0"
    ticky "1.0.1"

crossvent@1.5.5:
  version "1.5.5"
  resolved "https://registry.yarnpkg.com/crossvent/-/crossvent-1.5.5.tgz#ad20878e4921e9be73d9d6976f8b2ecd0f71a0b1"
  integrity sha1-rSCHjkkh6b5z2daXb4suzQ9xoLE=
  dependencies:
    custom-event "^1.0.0"

custom-event@^1.0.0:
  version "1.0.1"
  resolved "https://registry.yarnpkg.com/custom-event/-/custom-event-1.0.1.tgz#5d02a46850adf1b4a317946a3928fccb5bfd0425"
  integrity sha1-XQKkaFCt8bSjF5RqOSj8y1v9BCU=

delegate@^3.1.2:
  version "3.2.0"
  resolved "https://registry.yarnpkg.com/delegate/-/delegate-3.2.0.tgz#b66b71c3158522e8ab5744f720d8ca0c2af59166"
  integrity sha512-IofjkYBZaZivn0V8nnsMJGBr4jVLxHDheKSW88PyxS5QC4Vo9ZbZVvhzlSxY87fVq3STR6r+4cGepyHkcWOQSw==

dragula@^3.7.3:
  version "3.7.3"
  resolved "https://registry.yarnpkg.com/dragula/-/dragula-3.7.3.tgz#909460fd0b4acba5409c6dbb1b64d24f5bc9efb6"
  integrity sha512-/rRg4zRhcpf81TyDhaHLtXt6sEywdfpv1cRUMeFFy7DuypH2U0WUL0GTdyAQvXegviT4PJK4KuMmOaIDpICseQ==
  dependencies:
    contra "1.9.4"
    crossvent "1.5.5"

good-listener@^1.2.2:
  version "1.2.2"
  resolved "https://registry.yarnpkg.com/good-listener/-/good-listener-1.2.2.tgz#d53b30cdf9313dffb7dc9a0d477096aa6d145c50"
  integrity sha1-1TswzfkxPf+33JoNR3CWqm0UXFA=
  dependencies:
    delegate "^3.1.2"

jqueryui@^1.11.1:
  version "1.11.1"
  resolved "https://registry.yarnpkg.com/jqueryui/-/jqueryui-1.11.1.tgz#8718550705f5568d1199196169094db73b2291bc"
  integrity sha1-hxhVBwX1Vo0RmRlhaQlNtzsikbw=

monaco-editor@^0.21.2:
  version "0.21.2"
  resolved "https://registry.yarnpkg.com/monaco-editor/-/monaco-editor-0.21.2.tgz#37054e63e480d51a2dd17d609dcfb192304d5605"
  integrity sha512-jS51RLuzMaoJpYbu7F6TPuWpnWTLD4kjRW0+AZzcryvbxrTwhNy1KC9yboyKpgMTahpUbDUsuQULoo0GV1EPqg==

select@^1.1.2:
  version "1.1.2"
  resolved "https://registry.yarnpkg.com/select/-/select-1.1.2.tgz#0e7350acdec80b1108528786ec1d4418d11b396d"
  integrity sha1-DnNQrN7ICxEIUoeG7B1EGNEbOW0=

ticky@1.0.1:
  version "1.0.1"
  resolved "https://registry.yarnpkg.com/ticky/-/ticky-1.0.1.tgz#b7cfa71e768f1c9000c497b9151b30947c50e46d"
  integrity sha1-t8+nHnaPHJAAxJe5FRswlHxQ5G0=

tiny-emitter@^2.0.0:
  version "2.1.0"
  resolved "https://registry.yarnpkg.com/tiny-emitter/-/tiny-emitter-2.1.0.tgz#1d1a56edfc51c43e863cbb5382a72330e3555423"
  integrity sha512-NB6Dk1A9xgQPMoGqC5CVXn123gWyte215ONT5Pp5a0yt4nlEoO1ZWeCwpncaekPHXO60i47ihFnZPiRPjRMq4Q==
