{
  "requires": true,
  "lockfileVersion": 1,
  "dependencies": {
    "bootstrap-icons": {
      "version": "1.8.1",
      "resolved": "https://registry.npmjs.org/bootstrap-icons/-/bootstrap-icons-1.8.1.tgz",
      "integrity": "sha512-IXUqislddPJfwq6H+2nTkHyr9epO9h6u1AG0OZCx616w+TgzeoCjfmI3qJMQqt1J586gN2IxzB4M99Ip4sTZ1w=="
    },
    "clipboard": {
      "version": "2.0.10",
      "resolved": "https://registry.npmjs.org/clipboard/-/clipboard-2.0.10.tgz",
      "integrity": "sha512-cz3m2YVwFz95qSEbCDi2fzLN/epEN9zXBvfgAoGkvGOJZATMl9gtTDVOtBYkx2ODUJl2kvmud7n32sV2BpYR4g==",
      "requires": {
        "good-listener": "^1.2.2",
        "select": "^1.1.2",
        "tiny-emitter": "^2.0.0"
      }
    },
    "delegate": {
      "version": "3.2.0",
      "resolved": "https://registry.npmjs.org/delegate/-/delegate-3.2.0.tgz",
      "integrity": "sha512-IofjkYBZaZivn0V8nnsMJGBr4jVLxHDheKSW88PyxS5QC4Vo9ZbZVvhzlSxY87fVq3STR6r+4cGepyHkcWOQSw=="
    },
    "good-listener": {
      "version": "1.2.2",
      "resolved": "https://registry.npmjs.org/good-listener/-/good-listener-1.2.2.tgz",
      "integrity": "sha1-1TswzfkxPf+33JoNR3CWqm0UXFA=",
      "requires": {
        "delegate": "^3.1.2"
      }
    },
    "jqueryui": {
      "version": "1.11.1",
      "resolved": "https://registry.npmjs.org/jqueryui/-/jqueryui-1.11.1.tgz",
      "integrity": "sha1-hxhVBwX1Vo0RmRlhaQlNtzsikbw="
    },
    "lodash": {
      "version": "4.17.21",
      "resolved": "https://registry.npmjs.org/lodash/-/lodash-4.17.21.tgz",
      "integrity": "sha512-v2kDEe57lecTulaDIuNTPy3Ry4gLGJ6Z1O3vE1krgXZNrsQ+LFTGHVxVjcXPs17LhbZVGedAJv8XZ1tvj5FvSg=="
    },
    "select": {
      "version": "1.1.2",
      "resolved": "https://registry.npmjs.org/select/-/select-1.1.2.tgz",
      "integrity": "sha1-DnNQrN7ICxEIUoeG7B1EGNEbOW0="
    },
    "tiny-emitter": {
      "version": "2.1.0",
      "resolved": "https://registry.npmjs.org/tiny-emitter/-/tiny-emitter-2.1.0.tgz",
      "integrity": "sha512-NB6Dk1A9xgQPMoGqC5CVXn123gWyte215ONT5Pp5a0yt4nlEoO1ZWeCwpncaekPHXO60i47ihFnZPiRPjRMq4Q=="
    },
    "uifactory": {
      "version": "0.0.4",
      "resolved": "https://registry.npmjs.org/uifactory/-/uifactory-0.0.4.tgz",
      "integrity": "sha512-mQlefMI4W00U7f27r6Pa1dwkAfSbtwzkl8lwuTtTTpihawVz8474QNwLi4+2CJkyWjQ0Fc9rlKS1SXwN9LWirQ==",
      "requires": {
        "lodash": "4"
      }
    }
  }
}
