{
  "name": "logviewer",
  "version": "0.0.1",
  "lockfileVersion": 2,
  "requires": true,
  "packages": {
    "": {
      "name": "logviewer",
      "version": "0.0.1",
      "license": "ISC",
      "dependencies": {
        "vegam": "^0.0.4"
      }
    },
    "node_modules/vegam": {
      "version": "0.0.4",
      "resolved": "https://registry.npmjs.org/vegam/-/vegam-0.0.4.tgz",
      "integrity": "sha512-rlR9MOfQDpJ5+TbPn1ZCyrvFCqalmNphE9N/xGqWZu40NWMAc796giG4pHPdAM0c9zsYQxkPvS+5gVFCDnA7tg=="
    }
  },
  "dependencies": {
    "vegam": {
      "version": "0.0.4",
      "resolved": "https://registry.npmjs.org/vegam/-/vegam-0.0.4.tgz",
      "integrity": "sha512-rlR9MOfQDpJ5+TbPn1ZCyrvFCqalmNphE9N/xGqWZu40NWMAc796giG4pHPdAM0c9zsYQxkPvS+5gVFCDnA7tg=="
    }
  }
}
