# THIS IS AN AUTOGENERATED FILE. DO NOT EDIT THIS FILE DIRECTLY.
# yarn lockfile v1


vegam@^0.0.4:
  version "0.0.4"
  resolved "https://registry.yarnpkg.com/vegam/-/vegam-0.0.4.tgz#c89a7758cc51021c97bfaf50ac2b93277d4fc16c"
  integrity sha512-rlR9MOfQDpJ5+TbPn1ZCyrvFCqalmNphE9N/xGqWZu40NWMAc796giG4pHPdAM0c9zsYQxkPvS+5gVFCDnA7tg==
